// !$*UTF8*$!
{
	archiveVersion = 1;
	classes = {
	};
	objectVersion = 50;
	objects = {

/* Begin PBXBuildFile section */
		795EE0AD231ED7B2007E46AB /* EmojiCollectionViewCell.swift in Sources */ = {isa = PBXBuildFile; fileRef = 795EE0AC231ED7B2007E46AB /* EmojiCollectionViewCell.swift */; };
		795EE0AF231EE833007E46AB /* EmojiArtView+Gestures.swift in Sources */ = {isa = PBXBuildFile; fileRef = 795EE0AE231EE833007E46AB /* EmojiArtView+Gestures.swift */; };
		7990C7B0231D98D500FB5ABF /* AppDelegate.swift in Sources */ = {isa = PBXBuildFile; fileRef = 7990C7AF231D98D500FB5ABF /* AppDelegate.swift */; };
		7990C7B5231D98D500FB5ABF /* Main.storyboard in Resources */ = {isa = PBXBuildFile; fileRef = 7990C7B3231D98D500FB5ABF /* Main.storyboard */; };
		7990C7B7231D98D600FB5ABF /* Assets.xcassets in Resources */ = {isa = PBXBuildFile; fileRef = 7990C7B6231D98D600FB5ABF /* Assets.xcassets */; };
		7990C7BA231D98D600FB5ABF /* LaunchScreen.storyboard in Resources */ = {isa = PBXBuildFile; fileRef = 7990C7B8231D98D600FB5ABF /* LaunchScreen.storyboard */; };
		7990C7C3231D992600FB5ABF /* EmojiArtViewController.swift in Sources */ = {isa = PBXBuildFile; fileRef = 7990C7C2231D992600FB5ABF /* EmojiArtViewController.swift */; };
		7990C7C5231D997100FB5ABF /* EmojiArtView.swift in Sources */ = {isa = PBXBuildFile; fileRef = 7990C7C4231D997100FB5ABF /* EmojiArtView.swift */; };
		7990C7C7231DB77300FB5ABF /* Utilities.swift in Sources */ = {isa = PBXBuildFile; fileRef = 7990C7C6231DB77300FB5ABF /* Utilities.swift */; };
		7990C7C9231DCBFE00FB5ABF /* EmojiArtDocumentTableViewController.swift in Sources */ = {isa = PBXBuildFile; fileRef = 7990C7C8231DCBFE00FB5ABF /* EmojiArtDocumentTableViewController.swift */; };
/* End PBXBuildFile section */

/* Begin PBXFileReference section */
		795EE0AC231ED7B2007E46AB /* EmojiCollectionViewCell.swift */ = {isa = PBXFileReference; lastKnownFileType = sourcecode.swift; path = EmojiCollectionViewCell.swift; sourceTree = "<group>"; };
		795EE0AE231EE833007E46AB /* EmojiArtView+Gestures.swift */ = {isa = PBXFileReference; lastKnownFileType = sourcecode.swift; path = "EmojiArtView+Gestures.swift"; sourceTree = "<group>"; };
		7990C7AC231D98D500FB5ABF /* EmojiArt.app */ = {isa = PBXFileReference; explicitFileType = wrapper.application; includeInIndex = 0; path = EmojiArt.app; sourceTree = BUILT_PRODUCTS_DIR; };
		7990C7AF231D98D500FB5ABF /* AppDelegate.swift */ = {isa = PBXFileReference; lastKnownFileType = sourcecode.swift; path = AppDelegate.swift; sourceTree = "<group>"; };
		7990C7B4231D98D500FB5ABF /* Base */ = {isa = PBXFileReference; lastKnownFileType = file.storyboard; name = Base; path = Base.lproj/Main.storyboard; sourceTree = "<group>"; };
		7990C7B6231D98D600FB5ABF /* Assets.xcassets */ = {isa = PBXFileReference; lastKnownFileType = folder.assetcatalog; path = Assets.xcassets; sourceTree = "<group>"; };
		7990C7B9231D98D600FB5ABF /* Base */ = {isa = PBXFileReference; lastKnownFileType = file.storyboard; name = Base; path = Base.lproj/LaunchScreen.storyboard; sourceTree = "<group>"; };
		7990C7BB231D98D600FB5ABF /* Info.plist */ = {isa = PBXFileReference; lastKnownFileType = text.plist.xml; path = Info.plist; sourceTree = "<group>"; };
		7990C7C2231D992600FB5ABF /* EmojiArtViewController.swift */ = {isa = PBXFileReference; lastKnownFileType = sourcecode.swift; path = EmojiArtViewController.swift; sourceTree = "<group>"; };
		7990C7C4231D997100FB5ABF /* EmojiArtView.swift */ = {isa = PBXFileReference; lastKnownFileType = sourcecode.swift; path = EmojiArtView.swift; sourceTree = "<group>"; };
		7990C7C6231DB77300FB5ABF /* Utilities.swift */ = {isa = PBXFileReference; lastKnownFileType = sourcecode.swift; path = Utilities.swift; sourceTree = "<group>"; };
		7990C7C8231DCBFE00FB5ABF /* EmojiArtDocumentTableViewController.swift */ = {isa = PBXFileReference; lastKnownFileType = sourcecode.swift; path = EmojiArtDocumentTableViewController.swift; sourceTree = "<group>"; };
/* End PBXFileReference section */

/* Begin PBXFrameworksBuildPhase section */
		7990C7A9231D98D500FB5ABF /* Frameworks */ = {
			isa = PBXFrameworksBuildPhase;
			buildActionMask = 2147483647;
			files = (
			);
			runOnlyForDeploymentPostprocessing = 0;
		};
/* End PBXFrameworksBuildPhase section */

/* Begin PBXGroup section */
		7990C7A3231D98D500FB5ABF = {
			isa = PBXGroup;
			children = (
				7990C7AE231D98D500FB5ABF /* EmojiArt */,
				7990C7AD231D98D500FB5ABF /* Products */,
			);
			sourceTree = "<group>";
		};
		7990C7AD231D98D500FB5ABF /* Products */ = {
			isa = PBXGroup;
			children = (
				7990C7AC231D98D500FB5ABF /* EmojiArt.app */,
			);
			name = Products;
			sourceTree = "<group>";
		};
		7990C7AE231D98D500FB5ABF /* EmojiArt */ = {
			isa = PBXGroup;
			children = (
				7990C7C1231D98F800FB5ABF /* Supporting Files */,
				7990C7B3231D98D500FB5ABF /* Main.storyboard */,
				7990C7BB231D98D600FB5ABF /* Info.plist */,
				7990C7C2231D992600FB5ABF /* EmojiArtViewController.swift */,
				7990C7C4231D997100FB5ABF /* EmojiArtView.swift */,
				7990C7C6231DB77300FB5ABF /* Utilities.swift */,
				7990C7C8231DCBFE00FB5ABF /* EmojiArtDocumentTableViewController.swift */,
				795EE0AC231ED7B2007E46AB /* EmojiCollectionViewCell.swift */,
				795EE0AE231EE833007E46AB /* EmojiArtView+Gestures.swift */,
			);
			path = EmojiArt;
			sourceTree = "<group>";
		};
		7990C7C1231D98F800FB5ABF /* Supporting Files */ = {
			isa = PBXGroup;
			children = (
				7990C7AF231D98D500FB5ABF /* AppDelegate.swift */,
				7990C7B6231D98D600FB5ABF /* Assets.xcassets */,
				7990C7B8231D98D600FB5ABF /* LaunchScreen.storyboard */,
			);
			path = "Supporting Files";
			sourceTree = "<group>";
		};
/* End PBXGroup section */

/* Begin PBXNativeTarget section */
		7990C7AB231D98D500FB5ABF /* EmojiArt */ = {
			isa = PBXNativeTarget;
			buildConfigurationList = 7990C7BE231D98D600FB5ABF /* Build configuration list for PBXNativeTarget "EmojiArt" */;
			buildPhases = (
				7990C7A8231D98D500FB5ABF /* Sources */,
				7990C7A9231D98D500FB5ABF /* Frameworks */,
				7990C7AA231D98D500FB5ABF /* Resources */,
			);
			buildRules = (
			);
			dependencies = (
			);
			name = EmojiArt;
			productName = EmojiArt;
			productReference = 7990C7AC231D98D500FB5ABF /* EmojiArt.app */;
			productType = "com.apple.product-type.application";
		};
/* End PBXNativeTarget section */

/* Begin PBXProject section */
		7990C7A4231D98D500FB5ABF /* Project object */ = {
			isa = PBXProject;
			attributes = {
				LastSwiftUpdateCheck = 1020;
				LastUpgradeCheck = 1020;
				ORGANIZATIONNAME = "Dylan Perry";
				TargetAttributes = {
					7990C7AB231D98D500FB5ABF = {
						CreatedOnToolsVersion = 10.2.1;
					};
				};
			};
			buildConfigurationList = 7990C7A7231D98D500FB5ABF /* Build configuration list for PBXProject "EmojiArt" */;
			compatibilityVersion = "Xcode 9.3";
			developmentRegion = en;
			hasScannedForEncodings = 0;
			knownRegions = (
				en,
				Base,
			);
			mainGroup = 7990C7A3231D98D500FB5ABF;
			productRefGroup = 7990C7AD231D98D500FB5ABF /* Products */;
			projectDirPath = "";
			projectRoot = "";
			targets = (
				7990C7AB231D98D500FB5ABF /* EmojiArt */,
			);
		};
/* End PBXProject section */

/* Begin PBXResourcesBuildPhase section */
		7990C7AA231D98D500FB5ABF /* Resources */ = {
			isa = PBXResourcesBuildPhase;
			buildActionMask = 2147483647;
			files = (
				7990C7BA231D98D600FB5ABF /* LaunchScreen.storyboard in Resources */,
				7990C7B7231D98D600FB5ABF /* Assets.xcassets in Resources */,
				7990C7B5231D98D500FB5ABF /* Main.storyboard in Resources */,
			);
			runOnlyForDeploymentPostprocessing = 0;
		};
/* End PBXResourcesBuildPhase section */

/* Begin PBXSourcesBuildPhase section */
		7990C7A8231D98D500FB5ABF /* Sources */ = {
			isa = PBXSourcesBuildPhase;
			buildActionMask = 2147483647;
			files = (
				7990C7B0231D98D500FB5ABF /* AppDelegate.swift in Sources */,
				795EE0AF231EE833007E46AB /* EmojiArtView+Gestures.swift in Sources */,
				795EE0AD231ED7B2007E46AB /* EmojiCollectionViewCell.swift in Sources */,
				7990C7C3231D992600FB5ABF /* EmojiArtViewController.swift in Sources */,
				7990C7C7231DB77300FB5ABF /* Utilities.swift in Sources */,
				7990C7C9231DCBFE00FB5ABF /* EmojiArtDocumentTableViewController.swift in Sources */,
				7990C7C5231D997100FB5ABF /* EmojiArtView.swift in Sources */,
			);
			runOnlyForDeploymentPostprocessing = 0;
		};
/* End PBXSourcesBuildPhase section */

/* Begin PBXVariantGroup section */
		7990C7B3231D98D500FB5ABF /* Main.storyboard */ = {
			isa = PBXVariantGroup;
			children = (
				7990C7B4231D98D500FB5ABF /* Base */,
			);
			name = Main.storyboard;
			sourceTree = "<group>";
		};
		7990C7B8231D98D600FB5ABF /* LaunchScreen.storyboard */ = {
			isa = PBXVariantGroup;
			children = (
				7990C7B9231D98D600FB5ABF /* Base */,
			);
			name = LaunchScreen.storyboard;
			sourceTree = "<group>";
		};
/* End PBXVariantGroup section */

/* Begin XCBuildConfiguration section */
		7990C7BC231D98D600FB5ABF /* Debug */ = {
			isa = XCBuildConfiguration;
			buildSettings = {
				ALWAYS_SEARCH_USER_PATHS = NO;
				CLANG_ANALYZER_NONNULL = YES;
				CLANG_ANALYZER_NUMBER_OBJECT_CONVERSION = YES_AGGRESSIVE;
				CLANG_CXX_LANGUAGE_STANDARD = "gnu++14";
				CLANG_CXX_LIBRARY = "libc++";
				CLANG_ENABLE_MODULES = YES;
				CLANG_ENABLE_OBJC_ARC = YES;
				CLANG_ENABLE_OBJC_WEAK = YES;
				CLANG_WARN_BLOCK_CAPTURE_AUTORELEASING = YES;
				CLANG_WARN_BOOL_CONVERSION = YES;
				CLANG_WARN_COMMA = YES;
				CLANG_WARN_CONSTANT_CONVERSION = YES;
				CLANG_WARN_DEPRECATED_OBJC_IMPLEMENTATIONS = YES;
				CLANG_WARN_DIRECT_OBJC_ISA_USAGE = YES_ERROR;
				CLANG_WARN_DOCUMENTATION_COMMENTS = YES;
				CLANG_WARN_EMPTY_BODY = YES;
				CLANG_WARN_ENUM_CONVERSION = YES;
				CLANG_WARN_INFINITE_RECURSION = YES;
				CLANG_WARN_INT_CONVERSION = YES;
				CLANG_WARN_NON_LITERAL_NULL_CONVERSION = YES;
				CLANG_WARN_OBJC_IMPLICIT_RETAIN_SELF = YES;
				CLANG_WARN_OBJC_LITERAL_CONVERSION = YES;
				CLANG_WARN_OBJC_ROOT_CLASS = YES_ERROR;
				CLANG_WARN_RANGE_LOOP_ANALYSIS = YES;
				CLANG_WARN_STRICT_PROTOTYPES = YES;
				CLANG_WARN_SUSPICIOUS_MOVE = YES;
				CLANG_WARN_UNGUARDED_AVAILABILITY = YES_AGGRESSIVE;
				CLANG_WARN_UNREACHABLE_CODE = YES;
				CLANG_WARN__DUPLICATE_METHOD_MATCH = YES;
				CODE_SIGN_IDENTITY = "iPhone Developer";
				COPY_PHASE_STRIP = NO;
				DEBUG_INFORMATION_FORMAT = dwarf;
				ENABLE_STRICT_OBJC_MSGSEND = YES;
				ENABLE_TESTABILITY = YES;
				GCC_C_LANGUAGE_STANDARD = gnu11;
				GCC_DYNAMIC_NO_PIC = NO;
				GCC_NO_COMMON_BLOCKS = YES;
				GCC_OPTIMIZATION_LEVEL = 0;
				GCC_PREPROCESSOR_DEFINITIONS = (
					"DEBUG=1",
					"$(inherited)",
				);
				GCC_WARN_64_TO_32_BIT_CONVERSION = YES;
				GCC_WARN_ABOUT_RETURN_TYPE = YES_ERROR;
				GCC_WARN_UNDECLARED_SELECTOR = YES;
				GCC_WARN_UNINITIALIZED_AUTOS = YES_AGGRESSIVE;
				GCC_WARN_UNUSED_FUNCTION = YES;
				GCC_WARN_UNUSED_VARIABLE = YES;
				IPHONEOS_DEPLOYMENT_TARGET = 12.2;
				MTL_ENABLE_DEBUG_INFO = INCLUDE_SOURCE;
				MTL_FAST_MATH = YES;
				ONLY_ACTIVE_ARCH = YES;
				SDKROOT = iphoneos;
				SWIFT_ACTIVE_COMPILATION_CONDITIONS = DEBUG;
				SWIFT_OPTIMIZATION_LEVEL = "-Onone";
			};
			name = Debug;
		};
		7990C7BD231D98D600FB5ABF /* Release */ = {
			isa = XCBuildConfiguration;
			buildSettings = {
				ALWAYS_SEARCH_USER_PATHS = NO;
				CLANG_ANALYZER_NONNULL = YES;
				CLANG_ANALYZER_NUMBER_OBJECT_CONVERSION = YES_AGGRESSIVE;
				CLANG_CXX_LANGUAGE_STANDARD = "gnu++14";
				CLANG_CXX_LIBRARY = "libc++";
				CLANG_ENABLE_MODULES = YES;
				CLANG_ENABLE_OBJC_ARC = YES;
				CLANG_ENABLE_OBJC_WEAK = YES;
				CLANG_WARN_BLOCK_CAPTURE_AUTORELEASING = YES;
				CLANG_WARN_BOOL_CONVERSION = YES;
				CLANG_WARN_COMMA = YES;
				CLANG_WARN_CONSTANT_CONVERSION = YES;
				CLANG_WARN_DEPRECATED_OBJC_IMPLEMENTATIONS = YES;
				CLANG_WARN_DIRECT_OBJC_ISA_USAGE = YES_ERROR;
				CLANG_WARN_DOCUMENTATION_COMMENTS = YES;
				CLANG_WARN_EMPTY_BODY = YES;
				CLANG_WARN_ENUM_CONVERSION = YES;
				CLANG_WARN_INFINITE_RECURSION = YES;
				CLANG_WARN_INT_CONVERSION = YES;
				CLANG_WARN_NON_LITERAL_NULL_CONVERSION = YES;
				CLANG_WARN_OBJC_IMPLICIT_RETAIN_SELF = YES;
				CLANG_WARN_OBJC_LITERAL_CONVERSION = YES;
				CLANG_WARN_OBJC_ROOT_CLASS = YES_ERROR;
				CLANG_WARN_RANGE_LOOP_ANALYSIS = YES;
				CLANG_WARN_STRICT_PROTOTYPES = YES;
				CLANG_WARN_SUSPICIOUS_MOVE = YES;
				CLANG_WARN_UNGUARDED_AVAILABILITY = YES_AGGRESSIVE;
				CLANG_WARN_UNREACHABLE_CODE = YES;
				CLANG_WARN__DUPLICATE_METHOD_MATCH = YES;
				CODE_SIGN_IDENTITY = "iPhone Developer";
				COPY_PHASE_STRIP = NO;
				DEBUG_INFORMATION_FORMAT = "dwarf-with-dsym";
				ENABLE_NS_ASSERTIONS = NO;
				ENABLE_STRICT_OBJC_MSGSEND = YES;
				GCC_C_LANGUAGE_STANDARD = gnu11;
				GCC_NO_COMMON_BLOCKS = YES;
				GCC_WARN_64_TO_32_BIT_CONVERSION = YES;
				GCC_WARN_ABOUT_RETURN_TYPE = YES_ERROR;
				GCC_WARN_UNDECLARED_SELECTOR = YES;
				GCC_WARN_UNINITIALIZED_AUTOS = YES_AGGRESSIVE;
				GCC_WARN_UNUSED_FUNCTION = YES;
				GCC_WARN_UNUSED_VARIABLE = YES;
				IPHONEOS_DEPLOYMENT_TARGET = 12.2;
				MTL_ENABLE_DEBUG_INFO = NO;
				MTL_FAST_MATH = YES;
				SDKROOT = iphoneos;
				SWIFT_COMPILATION_MODE = wholemodule;
				SWIFT_OPTIMIZATION_LEVEL = "-O";
				VALIDATE_PRODUCT = YES;
			};
			name = Release;
		};
		7990C7BF231D98D600FB5ABF /* Debug */ = {
			isa = XCBuildConfiguration;
			buildSettings = {
				ASSETCATALOG_COMPILER_APPICON_NAME = AppIcon;
				CODE_SIGN_STYLE = Automatic;
				INFOPLIST_FILE = EmojiArt/Info.plist;
				LD_RUNPATH_SEARCH_PATHS = (
					"$(inherited)",
					"@executable_path/Frameworks",
				);
				PRODUCT_BUNDLE_IDENTIFIER = stanfordiOSCourse.EmojiArt;
				PRODUCT_NAME = "$(TARGET_NAME)";
				SWIFT_VERSION = 5.0;
				TARGETED_DEVICE_FAMILY = "1,2";
			};
			name = Debug;
		};
		7990C7C0231D98D600FB5ABF /* Release */ = {
			isa = XCBuildConfiguration;
			buildSettings = {
				ASSETCATALOG_COMPILER_APPICON_NAME = AppIcon;
				CODE_SIGN_STYLE = Automatic;
				INFOPLIST_FILE = EmojiArt/Info.plist;
				LD_RUNPATH_SEARCH_PATHS = (
					"$(inherited)",
					"@executable_path/Frameworks",
				);
				PRODUCT_BUNDLE_IDENTIFIER = stanfordiOSCourse.EmojiArt;
				PRODUCT_NAME = "$(TARGET_NAME)";
				SWIFT_VERSION = 5.0;
				TARGETED_DEVICE_FAMILY = "1,2";
			};
			name = Release;
		};
/* End XCBuildConfiguration section */

/* Begin XCConfigurationList section */
		7990C7A7231D98D500FB5ABF /* Build configuration list for PBXProject "EmojiArt" */ = {
			isa = XCConfigurationList;
			buildConfigurations = (
				7990C7BC231D98D600FB5ABF /* Debug */,
				7990C7BD231D98D600FB5ABF /* Release */,
			);
			defaultConfigurationIsVisible = 0;
			defaultConfigurationName = Release;
		};
		7990C7BE231D98D600FB5ABF /* Build configuration list for PBXNativeTarget "EmojiArt" */ = {
			isa = XCConfigurationList;
			buildConfigurations = (
				7990C7BF231D98D600FB5ABF /* Debug */,
				7990C7C0231D98D600FB5ABF /* Release */,
			);
			defaultConfigurationIsVisible = 0;
			defaultConfigurationName = Release;
		};
/* End XCConfigurationList section */
	};
	rootObject = 7990C7A4231D98D500FB5ABF /* Project object */;
}
